
Microsoft Visual Studio Solution File, Format Version 12.00
# Visual Studio 14
VisualStudioVersion = 14.0.25420.1
MinimumVisualStudioVersion = 10.0.40219.1
Project("{FAE04EC0-301F-11D3-BF4B-00C04F79EFBC}") = "euler", "euler\euler.csproj", "{E1725ED0-8300-4885-8D06-7FE67EEB0BBF}"
EndProject
Project("{2150E333-8FDC-42A3-9474-1A3956D46DE8}") = "Solution Items", "Solution Items", "{91F8DB47-378B-4C2E-B219-B5BB9E442293}"
	ProjectSection(SolutionItems) = preProject
		euler\problem_022.txt = euler\problem_022.txt
	EndProjectSection
EndProject
Global
	GlobalSection(SolutionConfigurationPlatforms) = preSolution
		Debug|Any CPU = Debug|Any CPU
		Release|Any CPU = Release|Any CPU
	EndGlobalSection
	GlobalSection(ProjectConfigurationPlatforms) = postSolution
		{E1725ED0-8300-4885-8D06-7FE67EEB0BBF}.Debug|Any CPU.ActiveCfg = Debug|Any CPU
		{E1725ED0-8300-4885-8D06-7FE67EEB0BBF}.Debug|Any CPU.Build.0 = Debug|Any CPU
		{E1725ED0-8300-4885-8D06-7FE67EEB0BBF}.Release|Any CPU.ActiveCfg = Release|Any CPU
		{E1725ED0-8300-4885-8D06-7FE67EEB0BBF}.Release|Any CPU.Build.0 = Release|Any CPU
	EndGlobalSection
	GlobalSection(SolutionProperties) = preSolution
		HideSolutionNode = FALSE
	EndGlobalSection
EndGlobal
